
Microsoft Visual Studio Solution File, Format Version 12.00
# Visual Studio Version 16
VisualStudioVersion = 16.0.30011.22
MinimumVisualStudioVersion = 10.0.40219.1
Project("{FAE04EC0-301F-11D3-BF4B-00C04F79EFBC}") = "Работа 7", "Работа 7\Работа 7.csproj", "{3D4F7983-CAC6-40CA-8178-369A30578798}"
EndProject
Project("{FAE04EC0-301F-11D3-BF4B-00C04F79EFBC}") = "ТестВирус", "ТестВирус\ТестВирус.csproj", "{F12A5AD3-F117-4B65-9F88-2213CE7A4ADB}"
EndProject
Global
	GlobalSection(SolutionConfigurationPlatforms) = preSolution
		Debug|Any CPU = Debug|Any CPU
		Release|Any CPU = Release|Any CPU
	EndGlobalSection
	GlobalSection(ProjectConfigurationPlatforms) = postSolution
		{3D4F7983-CAC6-40CA-8178-369A30578798}.Debug|Any CPU.ActiveCfg = Debug|Any CPU
		{3D4F7983-CAC6-40CA-8178-369A30578798}.Debug|Any CPU.Build.0 = Debug|Any CPU
		{3D4F7983-CAC6-40CA-8178-369A30578798}.Release|Any CPU.ActiveCfg = Release|Any CPU
		{3D4F7983-CAC6-40CA-8178-369A30578798}.Release|Any CPU.Build.0 = Release|Any CPU
		{F12A5AD3-F117-4B65-9F88-2213CE7A4ADB}.Debug|Any CPU.ActiveCfg = Debug|Any CPU
		{F12A5AD3-F117-4B65-9F88-2213CE7A4ADB}.Debug|Any CPU.Build.0 = Debug|Any CPU
		{F12A5AD3-F117-4B65-9F88-2213CE7A4ADB}.Release|Any CPU.ActiveCfg = Release|Any CPU
		{F12A5AD3-F117-4B65-9F88-2213CE7A4ADB}.Release|Any CPU.Build.0 = Release|Any CPU
	EndGlobalSection
	GlobalSection(SolutionProperties) = preSolution
		HideSolutionNode = FALSE
	EndGlobalSection
	GlobalSection(ExtensibilityGlobals) = postSolution
		SolutionGuid = {27D481AE-DAD8-47A4-967A-2B7E31B126A0}
	EndGlobalSection
EndGlobal
